
Microsoft Visual Studio Solution File, Format Version 12.00
Project("{FAE04EC0-301F-11D3-BF4B-00C04F79EFBC}") = "Wish", "Wish\Wish.csproj", "{7EDC120F-7364-40F4-A0DE-7A55759215E4}"
EndProject
Global
	GlobalSection(SolutionConfigurationPlatforms) = preSolution
		Debug|Any CPU = Debug|Any CPU
		Release|Any CPU = Release|Any CPU
	EndGlobalSection
	GlobalSection(ProjectConfigurationPlatforms) = postSolution
		{7EDC120F-7364-40F4-A0DE-7A55759215E4}.Debug|Any CPU.ActiveCfg = Debug|Any CPU
		{7EDC120F-7364-40F4-A0DE-7A55759215E4}.Debug|Any CPU.Build.0 = Debug|Any CPU
		{7EDC120F-7364-40F4-A0DE-7A55759215E4}.Release|Any CPU.ActiveCfg = Release|Any CPU
		{7EDC120F-7364-40F4-A0DE-7A55759215E4}.Release|Any CPU.Build.0 = Release|Any CPU
	EndGlobalSection
EndGlobal
